
Microsoft Visual Studio Solution File, Format Version 12.00
# Visual Studio Version 16
VisualStudioVersion = 16.0.32510.428
MinimumVisualStudioVersion = 10.0.40219.1
Project("{FAE04EC0-301F-11D3-BF4B-00C04F79EFBC}") = "Project1", "Project1\Project1.csproj", "{1011E06F-A198-4D69-8531-7E6F3437956C}"
EndProject
Global
	GlobalSection(SolutionConfigurationPlatforms) = preSolution
		Debug|Any CPU = Debug|Any CPU
		Release|Any CPU = Release|Any CPU
	EndGlobalSection
	GlobalSection(ProjectConfigurationPlatforms) = postSolution
		{1011E06F-A198-4D69-8531-7E6F3437956C}.Debug|Any CPU.ActiveCfg = Debug|Any CPU
		{1011E06F-A198-4D69-8531-7E6F3437956C}.Debug|Any CPU.Build.0 = Debug|Any CPU
		{1011E06F-A198-4D69-8531-7E6F3437956C}.Release|Any CPU.ActiveCfg = Release|Any CPU
		{1011E06F-A198-4D69-8531-7E6F3437956C}.Release|Any CPU.Build.0 = Release|Any CPU
	EndGlobalSection
	GlobalSection(SolutionProperties) = preSolution
		HideSolutionNode = FALSE
	EndGlobalSection
	GlobalSection(ExtensibilityGlobals) = postSolution
		SolutionGuid = {E40B4C91-4777-4BE4-9457-41E2029420C1}
	EndGlobalSection
EndGlobal
